// !$*UTF8*$!
{
	archiveVersion = 1;
	classes = {
	};
	objectVersion = 50;
	objects = {

/* Begin PBXBuildFile section */
		D0150A3D262EE74000A16525 /* CollectionViewController.swift in Sources */ = {isa = PBXBuildFile; fileRef = D0150A3C262EE74000A16525 /* CollectionViewController.swift */; };
		D0150A40262FFE6D00A16525 /* gifCell.xib in Resources */ = {isa = PBXBuildFile; fileRef = D0150A3F262FFE6D00A16525 /* gifCell.xib */; };
		D094B68A26296F3900A9FA68 /* AppDelegate.swift in Sources */ = {isa = PBXBuildFile; fileRef = D094B68926296F3900A9FA68 /* AppDelegate.swift */; };
		D094B68C26296F3900A9FA68 /* SceneDelegate.swift in Sources */ = {isa = PBXBuildFile; fileRef = D094B68B26296F3900A9FA68 /* SceneDelegate.swift */; };
		D094B69126296F3900A9FA68 /* Main.storyboard in Resources */ = {isa = PBXBuildFile; fileRef = D094B68F26296F3900A9FA68 /* Main.storyboard */; };
		D094B69326296F3B00A9FA68 /* Assets.xcassets in Resources */ = {isa = PBXBuildFile; fileRef = D094B69226296F3B00A9FA68 /* Assets.xcassets */; };
		D094B69626296F3B00A9FA68 /* LaunchScreen.storyboard in Resources */ = {isa = PBXBuildFile; fileRef = D094B69426296F3B00A9FA68 /* LaunchScreen.storyboard */; };
		D094B6CC26296FE100A9FA68 /* GifExtension.swift in Sources */ = {isa = PBXBuildFile; fileRef = D094B6B826296FE100A9FA68 /* GifExtension.swift */; };
		D094B6D2262970C300A9FA68 /* GifCell.swift in Sources */ = {isa = PBXBuildFile; fileRef = D094B6D1262970C300A9FA68 /* GifCell.swift */; };
		D094B6D52629718900A9FA68 /* GifNetwork.swift in Sources */ = {isa = PBXBuildFile; fileRef = D094B6D42629718900A9FA68 /* GifNetwork.swift */; };
		D094B6D8262972F500A9FA68 /* Gif.swift in Sources */ = {isa = PBXBuildFile; fileRef = D094B6D7262972F500A9FA68 /* Gif.swift */; };
/* End PBXBuildFile section */

/* Begin PBXFileReference section */
		D0150A3C262EE74000A16525 /* CollectionViewController.swift */ = {isa = PBXFileReference; lastKnownFileType = sourcecode.swift; path = CollectionViewController.swift; sourceTree = "<group>"; };
		D0150A3F262FFE6D00A16525 /* gifCell.xib */ = {isa = PBXFileReference; lastKnownFileType = file.xib; path = gifCell.xib; sourceTree = "<group>"; };
		D094B68626296F3900A9FA68 /* giphySearch.app */ = {isa = PBXFileReference; explicitFileType = wrapper.application; includeInIndex = 0; path = giphySearch.app; sourceTree = BUILT_PRODUCTS_DIR; };
		D094B68926296F3900A9FA68 /* AppDelegate.swift */ = {isa = PBXFileReference; lastKnownFileType = sourcecode.swift; path = AppDelegate.swift; sourceTree = "<group>"; };
		D094B68B26296F3900A9FA68 /* SceneDelegate.swift */ = {isa = PBXFileReference; lastKnownFileType = sourcecode.swift; path = SceneDelegate.swift; sourceTree = "<group>"; };
		D094B69026296F3900A9FA68 /* Base */ = {isa = PBXFileReference; lastKnownFileType = file.storyboard; name = Base; path = Base.lproj/Main.storyboard; sourceTree = "<group>"; };
		D094B69226296F3B00A9FA68 /* Assets.xcassets */ = {isa = PBXFileReference; lastKnownFileType = folder.assetcatalog; path = Assets.xcassets; sourceTree = "<group>"; };
		D094B69526296F3B00A9FA68 /* Base */ = {isa = PBXFileReference; lastKnownFileType = file.storyboard; name = Base; path = Base.lproj/LaunchScreen.storyboard; sourceTree = "<group>"; };
		D094B69726296F3B00A9FA68 /* Info.plist */ = {isa = PBXFileReference; lastKnownFileType = text.plist.xml; path = Info.plist; sourceTree = "<group>"; };
		D094B6B826296FE100A9FA68 /* GifExtension.swift */ = {isa = PBXFileReference; fileEncoding = 4; lastKnownFileType = sourcecode.swift; path = GifExtension.swift; sourceTree = "<group>"; };
		D094B6D1262970C300A9FA68 /* GifCell.swift */ = {isa = PBXFileReference; lastKnownFileType = sourcecode.swift; path = GifCell.swift; sourceTree = "<group>"; };
		D094B6D42629718900A9FA68 /* GifNetwork.swift */ = {isa = PBXFileReference; lastKnownFileType = sourcecode.swift; path = GifNetwork.swift; sourceTree = "<group>"; };
		D094B6D7262972F500A9FA68 /* Gif.swift */ = {isa = PBXFileReference; lastKnownFileType = sourcecode.swift; path = Gif.swift; sourceTree = "<group>"; };
/* End PBXFileReference section */

/* Begin PBXFrameworksBuildPhase section */
		D094B68326296F3900A9FA68 /* Frameworks */ = {
			isa = PBXFrameworksBuildPhase;
			buildActionMask = 2147483647;
			files = (
			);
			runOnlyForDeploymentPostprocessing = 0;
		};
/* End PBXFrameworksBuildPhase section */

/* Begin PBXGroup section */
		D094B67D26296F3900A9FA68 = {
			isa = PBXGroup;
			children = (
				D094B68826296F3900A9FA68 /* giphySearch */,
				D094B68726296F3900A9FA68 /* Products */,
			);
			sourceTree = "<group>";
		};
		D094B68726296F3900A9FA68 /* Products */ = {
			isa = PBXGroup;
			children = (
				D094B68626296F3900A9FA68 /* giphySearch.app */,
			);
			name = Products;
			sourceTree = "<group>";
		};
		D094B68826296F3900A9FA68 /* giphySearch */ = {
			isa = PBXGroup;
			children = (
				D094B6A026296FC200A9FA68 /* Delegates */,
				D094B6A226296FC800A9FA68 /* ViewControllers */,
				D094B69E26296F4C00A9FA68 /* Storyboards */,
				D094B6CE26296FE800A9FA68 /* Helpers */,
				D094B69226296F3B00A9FA68 /* Assets.xcassets */,
				D094B69726296F3B00A9FA68 /* Info.plist */,
			);
			path = giphySearch;
			sourceTree = "<group>";
		};
		D094B69E26296F4C00A9FA68 /* Storyboards */ = {
			isa = PBXGroup;
			children = (
				D094B68F26296F3900A9FA68 /* Main.storyboard */,
				D094B69426296F3B00A9FA68 /* LaunchScreen.storyboard */,
			);
			path = Storyboards;
			sourceTree = "<group>";
		};
		D094B6A026296FC200A9FA68 /* Delegates */ = {
			isa = PBXGroup;
			children = (
				D094B68926296F3900A9FA68 /* AppDelegate.swift */,
				D094B68B26296F3900A9FA68 /* SceneDelegate.swift */,
			);
			path = Delegates;
			sourceTree = "<group>";
		};
		D094B6A226296FC800A9FA68 /* ViewControllers */ = {
			isa = PBXGroup;
			children = (
				D0150A3C262EE74000A16525 /* CollectionViewController.swift */,
				D0150A3F262FFE6D00A16525 /* gifCell.xib */,
			);
			path = ViewControllers;
			sourceTree = "<group>";
		};
		D094B6CE26296FE800A9FA68 /* Helpers */ = {
			isa = PBXGroup;
			children = (
				D094B6B826296FE100A9FA68 /* GifExtension.swift */,
				D094B6D1262970C300A9FA68 /* GifCell.swift */,
				D094B6D42629718900A9FA68 /* GifNetwork.swift */,
				D094B6D7262972F500A9FA68 /* Gif.swift */,
			);
			path = Helpers;
			sourceTree = "<group>";
		};
/* End PBXGroup section */

/* Begin PBXNativeTarget section */
		D094B68526296F3900A9FA68 /* giphySearch */ = {
			isa = PBXNativeTarget;
			buildConfigurationList = D094B69A26296F3B00A9FA68 /* Build configuration list for PBXNativeTarget "giphySearch" */;
			buildPhases = (
				D094B68226296F3900A9FA68 /* Sources */,
				D094B68326296F3900A9FA68 /* Frameworks */,
				D094B68426296F3900A9FA68 /* Resources */,
			);
			buildRules = (
			);
			dependencies = (
			);
			name = giphySearch;
			packageProductDependencies = (
			);
			productName = giphySearch;
			productReference = D094B68626296F3900A9FA68 /* giphySearch.app */;
			productType = "com.apple.product-type.application";
		};
/* End PBXNativeTarget section */

/* Begin PBXProject section */
		D094B67E26296F3900A9FA68 /* Project object */ = {
			isa = PBXProject;
			attributes = {
				LastSwiftUpdateCheck = 1240;
				LastUpgradeCheck = 1240;
				TargetAttributes = {
					D094B68526296F3900A9FA68 = {
						CreatedOnToolsVersion = 12.4;
					};
				};
			};
			buildConfigurationList = D094B68126296F3900A9FA68 /* Build configuration list for PBXProject "giphySearch" */;
			compatibilityVersion = "Xcode 9.3";
			developmentRegion = en;
			hasScannedForEncodings = 0;
			knownRegions = (
				en,
				Base,
			);
			mainGroup = D094B67D26296F3900A9FA68;
			packageReferences = (
			);
			productRefGroup = D094B68726296F3900A9FA68 /* Products */;
			projectDirPath = "";
			projectRoot = "";
			targets = (
				D094B68526296F3900A9FA68 /* giphySearch */,
			);
		};
/* End PBXProject section */

/* Begin PBXResourcesBuildPhase section */
		D094B68426296F3900A9FA68 /* Resources */ = {
			isa = PBXResourcesBuildPhase;
			buildActionMask = 2147483647;
			files = (
				D094B69626296F3B00A9FA68 /* LaunchScreen.storyboard in Resources */,
				D094B69326296F3B00A9FA68 /* Assets.xcassets in Resources */,
				D094B69126296F3900A9FA68 /* Main.storyboard in Resources */,
				D0150A40262FFE6D00A16525 /* gifCell.xib in Resources */,
			);
			runOnlyForDeploymentPostprocessing = 0;
		};
/* End PBXResourcesBuildPhase section */

/* Begin PBXSourcesBuildPhase section */
		D094B68226296F3900A9FA68 /* Sources */ = {
			isa = PBXSourcesBuildPhase;
			buildActionMask = 2147483647;
			files = (
				D094B6CC26296FE100A9FA68 /* GifExtension.swift in Sources */,
				D094B6D2262970C300A9FA68 /* GifCell.swift in Sources */,
				D094B68A26296F3900A9FA68 /* AppDelegate.swift in Sources */,
				D0150A3D262EE74000A16525 /* CollectionViewController.swift in Sources */,
				D094B68C26296F3900A9FA68 /* SceneDelegate.swift in Sources */,
				D094B6D8262972F500A9FA68 /* Gif.swift in Sources */,
				D094B6D52629718900A9FA68 /* GifNetwork.swift in Sources */,
			);
			runOnlyForDeploymentPostprocessing = 0;
		};
/* End PBXSourcesBuildPhase section */

/* Begin PBXVariantGroup section */
		D094B68F26296F3900A9FA68 /* Main.storyboard */ = {
			isa = PBXVariantGroup;
			children = (
				D094B69026296F3900A9FA68 /* Base */,
			);
			name = Main.storyboard;
			sourceTree = "<group>";
		};
		D094B69426296F3B00A9FA68 /* LaunchScreen.storyboard */ = {
			isa = PBXVariantGroup;
			children = (
				D094B69526296F3B00A9FA68 /* Base */,
			);
			name = LaunchScreen.storyboard;
			sourceTree = "<group>";
		};
/* End PBXVariantGroup section */

/* Begin XCBuildConfiguration section */
		D094B69826296F3B00A9FA68 /* Debug */ = {
			isa = XCBuildConfiguration;
			buildSettings = {
				ALWAYS_SEARCH_USER_PATHS = NO;
				CLANG_ANALYZER_NONNULL = YES;
				CLANG_ANALYZER_NUMBER_OBJECT_CONVERSION = YES_AGGRESSIVE;
				CLANG_CXX_LANGUAGE_STANDARD = "gnu++14";
				CLANG_CXX_LIBRARY = "libc++";
				CLANG_ENABLE_MODULES = YES;
				CLANG_ENABLE_OBJC_ARC = YES;
				CLANG_ENABLE_OBJC_WEAK = YES;
				CLANG_WARN_BLOCK_CAPTURE_AUTORELEASING = YES;
				CLANG_WARN_BOOL_CONVERSION = YES;
				CLANG_WARN_COMMA = YES;
				CLANG_WARN_CONSTANT_CONVERSION = YES;
				CLANG_WARN_DEPRECATED_OBJC_IMPLEMENTATIONS = YES;
				CLANG_WARN_DIRECT_OBJC_ISA_USAGE = YES_ERROR;
				CLANG_WARN_DOCUMENTATION_COMMENTS = YES;
				CLANG_WARN_EMPTY_BODY = YES;
				CLANG_WARN_ENUM_CONVERSION = YES;
				CLANG_WARN_INFINITE_RECURSION = YES;
				CLANG_WARN_INT_CONVERSION = YES;
				CLANG_WARN_NON_LITERAL_NULL_CONVERSION = YES;
				CLANG_WARN_OBJC_IMPLICIT_RETAIN_SELF = YES;
				CLANG_WARN_OBJC_LITERAL_CONVERSION = YES;
				CLANG_WARN_OBJC_ROOT_CLASS = YES_ERROR;
				CLANG_WARN_QUOTED_INCLUDE_IN_FRAMEWORK_HEADER = YES;
				CLANG_WARN_RANGE_LOOP_ANALYSIS = YES;
				CLANG_WARN_STRICT_PROTOTYPES = YES;
				CLANG_WARN_SUSPICIOUS_MOVE = YES;
				CLANG_WARN_UNGUARDED_AVAILABILITY = YES_AGGRESSIVE;
				CLANG_WARN_UNREACHABLE_CODE = YES;
				CLANG_WARN__DUPLICATE_METHOD_MATCH = YES;
				COPY_PHASE_STRIP = NO;
				DEBUG_INFORMATION_FORMAT = dwarf;
				ENABLE_STRICT_OBJC_MSGSEND = YES;
				ENABLE_TESTABILITY = YES;
				GCC_C_LANGUAGE_STANDARD = gnu11;
				GCC_DYNAMIC_NO_PIC = NO;
				GCC_NO_COMMON_BLOCKS = YES;
				GCC_OPTIMIZATION_LEVEL = 0;
				GCC_PREPROCESSOR_DEFINITIONS = (
					"DEBUG=1",
					"$(inherited)",
				);
				GCC_WARN_64_TO_32_BIT_CONVERSION = YES;
				GCC_WARN_ABOUT_RETURN_TYPE = YES_ERROR;
				GCC_WARN_UNDECLARED_SELECTOR = YES;
				GCC_WARN_UNINITIALIZED_AUTOS = YES_AGGRESSIVE;
				GCC_WARN_UNUSED_FUNCTION = YES;
				GCC_WARN_UNUSED_VARIABLE = YES;
				IPHONEOS_DEPLOYMENT_TARGET = 14.4;
				MTL_ENABLE_DEBUG_INFO = INCLUDE_SOURCE;
				MTL_FAST_MATH = YES;
				ONLY_ACTIVE_ARCH = YES;
				SDKROOT = iphoneos;
				SWIFT_ACTIVE_COMPILATION_CONDITIONS = DEBUG;
				SWIFT_OPTIMIZATION_LEVEL = "-Onone";
			};
			name = Debug;
		};
		D094B69926296F3B00A9FA68 /* Release */ = {
			isa = XCBuildConfiguration;
			buildSettings = {
				ALWAYS_SEARCH_USER_PATHS = NO;
				CLANG_ANALYZER_NONNULL = YES;
				CLANG_ANALYZER_NUMBER_OBJECT_CONVERSION = YES_AGGRESSIVE;
				CLANG_CXX_LANGUAGE_STANDARD = "gnu++14";
				CLANG_CXX_LIBRARY = "libc++";
				CLANG_ENABLE_MODULES = YES;
				CLANG_ENABLE_OBJC_ARC = YES;
				CLANG_ENABLE_OBJC_WEAK = YES;
				CLANG_WARN_BLOCK_CAPTURE_AUTORELEASING = YES;
				CLANG_WARN_BOOL_CONVERSION = YES;
				CLANG_WARN_COMMA = YES;
				CLANG_WARN_CONSTANT_CONVERSION = YES;
				CLANG_WARN_DEPRECATED_OBJC_IMPLEMENTATIONS = YES;
				CLANG_WARN_DIRECT_OBJC_ISA_USAGE = YES_ERROR;
				CLANG_WARN_DOCUMENTATION_COMMENTS = YES;
				CLANG_WARN_EMPTY_BODY = YES;
				CLANG_WARN_ENUM_CONVERSION = YES;
				CLANG_WARN_INFINITE_RECURSION = YES;
				CLANG_WARN_INT_CONVERSION = YES;
				CLANG_WARN_NON_LITERAL_NULL_CONVERSION = YES;
				CLANG_WARN_OBJC_IMPLICIT_RETAIN_SELF = YES;
				CLANG_WARN_OBJC_LITERAL_CONVERSION = YES;
				CLANG_WARN_OBJC_ROOT_CLASS = YES_ERROR;
				CLANG_WARN_QUOTED_INCLUDE_IN_FRAMEWORK_HEADER = YES;
				CLANG_WARN_RANGE_LOOP_ANALYSIS = YES;
				CLANG_WARN_STRICT_PROTOTYPES = YES;
				CLANG_WARN_SUSPICIOUS_MOVE = YES;
				CLANG_WARN_UNGUARDED_AVAILABILITY = YES_AGGRESSIVE;
				CLANG_WARN_UNREACHABLE_CODE = YES;
				CLANG_WARN__DUPLICATE_METHOD_MATCH = YES;
				COPY_PHASE_STRIP = NO;
				DEBUG_INFORMATION_FORMAT = "dwarf-with-dsym";
				ENABLE_NS_ASSERTIONS = NO;
				ENABLE_STRICT_OBJC_MSGSEND = YES;
				GCC_C_LANGUAGE_STANDARD = gnu11;
				GCC_NO_COMMON_BLOCKS = YES;
				GCC_WARN_64_TO_32_BIT_CONVERSION = YES;
				GCC_WARN_ABOUT_RETURN_TYPE = YES_ERROR;
				GCC_WARN_UNDECLARED_SELECTOR = YES;
				GCC_WARN_UNINITIALIZED_AUTOS = YES_AGGRESSIVE;
				GCC_WARN_UNUSED_FUNCTION = YES;
				GCC_WARN_UNUSED_VARIABLE = YES;
				IPHONEOS_DEPLOYMENT_TARGET = 14.4;
				MTL_ENABLE_DEBUG_INFO = NO;
				MTL_FAST_MATH = YES;
				SDKROOT = iphoneos;
				SWIFT_COMPILATION_MODE = wholemodule;
				SWIFT_OPTIMIZATION_LEVEL = "-O";
				VALIDATE_PRODUCT = YES;
			};
			name = Release;
		};
		D094B69B26296F3B00A9FA68 /* Debug */ = {
			isa = XCBuildConfiguration;
			buildSettings = {
				ASSETCATALOG_COMPILER_APPICON_NAME = "AppIcon-1";
				ASSETCATALOG_COMPILER_GLOBAL_ACCENT_COLOR_NAME = AccentColor;
				CODE_SIGN_STYLE = Automatic;
				INFOPLIST_FILE = giphySearch/Info.plist;
				LD_RUNPATH_SEARCH_PATHS = (
					"$(inherited)",
					"@executable_path/Frameworks",
				);
				PRODUCT_BUNDLE_IDENTIFIER = lv.accenture.bootcamp.giphySearch;
				PRODUCT_NAME = "$(TARGET_NAME)";
				SWIFT_VERSION = 5.0;
				TARGETED_DEVICE_FAMILY = "1,2";
			};
			name = Debug;
		};
		D094B69C26296F3B00A9FA68 /* Release */ = {
			isa = XCBuildConfiguration;
			buildSettings = {
				ASSETCATALOG_COMPILER_APPICON_NAME = "AppIcon-1";
				ASSETCATALOG_COMPILER_GLOBAL_ACCENT_COLOR_NAME = AccentColor;
				CODE_SIGN_STYLE = Automatic;
				INFOPLIST_FILE = giphySearch/Info.plist;
				LD_RUNPATH_SEARCH_PATHS = (
					"$(inherited)",
					"@executable_path/Frameworks",
				);
				PRODUCT_BUNDLE_IDENTIFIER = lv.accenture.bootcamp.giphySearch;
				PRODUCT_NAME = "$(TARGET_NAME)";
				SWIFT_VERSION = 5.0;
				TARGETED_DEVICE_FAMILY = "1,2";
			};
			name = Release;
		};
/* End XCBuildConfiguration section */

/* Begin XCConfigurationList section */
		D094B68126296F3900A9FA68 /* Build configuration list for PBXProject "giphySearch" */ = {
			isa = XCConfigurationList;
			buildConfigurations = (
				D094B69826296F3B00A9FA68 /* Debug */,
				D094B69926296F3B00A9FA68 /* Release */,
			);
			defaultConfigurationIsVisible = 0;
			defaultConfigurationName = Release;
		};
		D094B69A26296F3B00A9FA68 /* Build configuration list for PBXNativeTarget "giphySearch" */ = {
			isa = XCConfigurationList;
			buildConfigurations = (
				D094B69B26296F3B00A9FA68 /* Debug */,
				D094B69C26296F3B00A9FA68 /* Release */,
			);
			defaultConfigurationIsVisible = 0;
			defaultConfigurationName = Release;
		};
/* End XCConfigurationList section */
	};
	rootObject = D094B67E26296F3900A9FA68 /* Project object */;
}
